
Microsoft Visual Studio Solution File, Format Version 12.00
# Visual Studio 15
VisualStudioVersion = 15.0.28010.0
MinimumVisualStudioVersion = 10.0.40219.1
Project("{FAE04EC0-301F-11D3-BF4B-00C04F79EFBC}") = "Test", "Test\Test.csproj", "{1CD4535B-2CF6-45BB-B058-4734A1E486B7}"
EndProject
Global
	GlobalSection(SolutionConfigurationPlatforms) = preSolution
		Debug|Any CPU = Debug|Any CPU
		Release|Any CPU = Release|Any CPU
	EndGlobalSection
	GlobalSection(ProjectConfigurationPlatforms) = postSolution
		{1CD4535B-2CF6-45BB-B058-4734A1E486B7}.Debug|Any CPU.ActiveCfg = Debug|Any CPU
		{1CD4535B-2CF6-45BB-B058-4734A1E486B7}.Debug|Any CPU.Build.0 = Debug|Any CPU
		{1CD4535B-2CF6-45BB-B058-4734A1E486B7}.Release|Any CPU.ActiveCfg = Release|Any CPU
		{1CD4535B-2CF6-45BB-B058-4734A1E486B7}.Release|Any CPU.Build.0 = Release|Any CPU
	EndGlobalSection
	GlobalSection(SolutionProperties) = preSolution
		HideSolutionNode = FALSE
	EndGlobalSection
	GlobalSection(ExtensibilityGlobals) = postSolution
		SolutionGuid = {B78E4F53-51F2-49BE-82FB-71FEA8558AF7}
	EndGlobalSection
EndGlobal
